# This file is automatically @generated by Cargo.
# It is not intended for manual editing.
[[package]]
name = "const-sha1"
version = "0.1.1"
dependencies = [
 "sha1",
]

[[package]]
name = "sha1"
version = "0.6.0"
source = "registry+https://github.com/rust-lang/crates.io-index"
checksum = "2579985fda508104f7587689507983eadd6a6e84dd35d6d115361f530916fa0d"
